PODS:
  - Google-Mobile-Ads-SDK (11.7.0):
    - GoogleUserMessagingPlatform (>= 1.1)
  - GoogleMobileAdsMediationMenta (1.0.6):
    - Google-Mobile-Ads-SDK
    - MentaMediationGlobal (= 1.0.6)
    - MentaVlionGlobal (= 1.0.6)
    - MentaVlionGlobalAdapter (= 1.0.6)
  - GoogleUserMessagingPlatform (2.5.0)
  - MentaBaseGlobal (1.0.6)
  - MentaMediationGlobal (1.0.6):
    - MentaBaseGlobal (= 1.0.6)
  - MentaVlionGlobal (1.0.6):
    - MentaBaseGlobal (= 1.0.6)
  - MentaVlionGlobalAdapter (1.0.6):
    - MentaMediationGlobal (= 1.0.6)
    - MentaVlionGlobal (= 1.0.6)

DEPENDENCIES:
  - GoogleMobileAdsMediationMenta (from `../`)

SPEC REPOS:
  https://github.com/CocoaPods/Specs.git:
    - Google-Mobile-Ads-SDK
    - GoogleUserMessagingPlatform
    - MentaBaseGlobal
    - MentaMediationGlobal
    - MentaVlionGlobal
    - MentaVlionGlobalAdapter

EXTERNAL SOURCES:
  GoogleMobileAdsMediationMenta:
    :path: "../"

SPEC CHECKSUMS:
  Google-Mobile-Ads-SDK: 204b517c9765169144cf39763c7f5d23c57a9db0
  GoogleMobileAdsMediationMenta: 6deee60a713ea02d66a4b19093d56fa50270bf73
  GoogleUserMessagingPlatform: 6b4f48a370e77ce121d034c908cc6ee4fdafaf13
  MentaBaseGlobal: 198de767626d7d5b8ccb923b7e7f510959333700
  MentaMediationGlobal: bba343950b6b12bb45840f27f6240da4eae982bc
  MentaVlionGlobal: 1dfe6e81d57e6e2fa9060ead509c1645a654d447
  MentaVlionGlobalAdapter: bed501822bd5bd8a87bbfe1fb0a5257710c2b7ce

PODFILE CHECKSUM: 72ece17a8554b72b45816bec469bb67fa55b7b54

COCOAPODS: 1.15.2
