PODS:
  - Google-Mobile-Ads-SDK (11.6.0):
    - GoogleUserMessagingPlatform (>= 1.1)
  - GoogleMobileAdsMediationMenta (1.0.4):
    - Google-Mobile-Ads-SDK
    - MentaMediationGlobal (= 1.0.4)
    - MentaVlionGlobal (= 1.0.4)
    - MentaVlionGlobalAdapter (= 1.0.4)
  - GoogleUserMessagingPlatform (2.5.0)
  - MentaBaseGlobal (1.0.4)
  - MentaMediationGlobal (1.0.4):
    - MentaBaseGlobal (= 1.0.4)
  - MentaVlionGlobal (1.0.4):
    - MentaBaseGlobal (= 1.0.4)
  - MentaVlionGlobalAdapter (1.0.4):
    - MentaMediationGlobal (= 1.0.4)
    - MentaVlionGlobal (= 1.0.4)

DEPENDENCIES:
  - GoogleMobileAdsMediationMenta (from `../`)

SPEC REPOS:
  https://github.com/CocoaPods/Specs.git:
    - Google-Mobile-Ads-SDK
    - GoogleUserMessagingPlatform
    - MentaBaseGlobal
    - MentaMediationGlobal
    - MentaVlionGlobal
    - MentaVlionGlobalAdapter

EXTERNAL SOURCES:
  GoogleMobileAdsMediationMenta:
    :path: "../"

SPEC CHECKSUMS:
  Google-Mobile-Ads-SDK: 28339250757645a9bab066ebbe667fa48d2c9bd7
  GoogleMobileAdsMediationMenta: cf0af2537c0d5df9d9eea2def1c2ad820924c732
  GoogleUserMessagingPlatform: 6b4f48a370e77ce121d034c908cc6ee4fdafaf13
  MentaBaseGlobal: dbb29b8e6020fdb550f83fa72dce86532c7fa757
  MentaMediationGlobal: 913b7b5c8c25ed33d2669b31ca2d135f26a341d9
  MentaVlionGlobal: a1c08a345369a7f14cf65baa46f181cecf8e3ec9
  MentaVlionGlobalAdapter: d6c28983dabdd1f3fbc7ca0b2e55883199041dcb

PODFILE CHECKSUM: c1704a41c30fc2c306d5df569b85ee68fdf51a3a

COCOAPODS: 1.15.2
